// !$*UTF8*$!
{
	archiveVersion = 1;
	classes = {
	};
	objectVersion = 56;
	objects = {

/* Begin PBXBuildFile section */
		8DBA698D2994DFF400609A40 /* AppDelegate.swift in Sources */ = {isa = PBXBuildFile; fileRef = 8DBA698C2994DFF400609A40 /* AppDelegate.swift */; };
		8DBA698F2994DFF400609A40 /* SceneDelegate.swift in Sources */ = {isa = PBXBuildFile; fileRef = 8DBA698E2994DFF400609A40 /* SceneDelegate.swift */; };
		8DBA69912994DFF400609A40 /* RootController.swift in Sources */ = {isa = PBXBuildFile; fileRef = 8DBA69902994DFF400609A40 /* RootController.swift */; };
		8DBA69942994DFF400609A40 /* Main.storyboard in Resources */ = {isa = PBXBuildFile; fileRef = 8DBA69922994DFF400609A40 /* Main.storyboard */; };
		8DBA69962994DFF600609A40 /* Assets.xcassets in Resources */ = {isa = PBXBuildFile; fileRef = 8DBA69952994DFF600609A40 /* Assets.xcassets */; };
		8DBA69992994DFF600609A40 /* LaunchScreen.storyboard in Resources */ = {isa = PBXBuildFile; fileRef = 8DBA69972994DFF600609A40 /* LaunchScreen.storyboard */; };
		8DEB85D72994F5C1000F2A47 /* AuthViewController.swift in Sources */ = {isa = PBXBuildFile; fileRef = 8DEB85D62994F5C1000F2A47 /* AuthViewController.swift */; };
		8DEB85D92994F5F0000F2A47 /* MainViewController.swift in Sources */ = {isa = PBXBuildFile; fileRef = 8DEB85D82994F5F0000F2A47 /* MainViewController.swift */; };
		8DEB85DB2994F72F000F2A47 /* SubSecondMainViewController.swift in Sources */ = {isa = PBXBuildFile; fileRef = 8DEB85DA2994F72F000F2A47 /* SubSecondMainViewController.swift */; };
		8DEB85DD2994F736000F2A47 /* SubFirstMainViewController.swift in Sources */ = {isa = PBXBuildFile; fileRef = 8DEB85DC2994F736000F2A47 /* SubFirstMainViewController.swift */; };
		8DEB85DF2994F79B000F2A47 /* LoginViewController.swift in Sources */ = {isa = PBXBuildFile; fileRef = 8DEB85DE2994F79B000F2A47 /* LoginViewController.swift */; };
		8DEB85E12994F79C000F2A47 /* RegistrationViewController.swift in Sources */ = {isa = PBXBuildFile; fileRef = 8DEB85E02994F79C000F2A47 /* RegistrationViewController.swift */; };
/* End PBXBuildFile section */

/* Begin PBXFileReference section */
		8DBA69892994DFF400609A40 /* NavigationiOSMentoringSession.app */ = {isa = PBXFileReference; explicitFileType = wrapper.application; includeInIndex = 0; path = NavigationiOSMentoringSession.app; sourceTree = BUILT_PRODUCTS_DIR; };
		8DBA698C2994DFF400609A40 /* AppDelegate.swift */ = {isa = PBXFileReference; lastKnownFileType = sourcecode.swift; path = AppDelegate.swift; sourceTree = "<group>"; };
		8DBA698E2994DFF400609A40 /* SceneDelegate.swift */ = {isa = PBXFileReference; lastKnownFileType = sourcecode.swift; path = SceneDelegate.swift; sourceTree = "<group>"; };
		8DBA69902994DFF400609A40 /* RootController.swift */ = {isa = PBXFileReference; lastKnownFileType = sourcecode.swift; path = RootController.swift; sourceTree = "<group>"; };
		8DBA69932994DFF400609A40 /* Base */ = {isa = PBXFileReference; lastKnownFileType = file.storyboard; name = Base; path = Base.lproj/Main.storyboard; sourceTree = "<group>"; };
		8DBA69952994DFF600609A40 /* Assets.xcassets */ = {isa = PBXFileReference; lastKnownFileType = folder.assetcatalog; path = Assets.xcassets; sourceTree = "<group>"; };
		8DBA69982994DFF600609A40 /* Base */ = {isa = PBXFileReference; lastKnownFileType = file.storyboard; name = Base; path = Base.lproj/LaunchScreen.storyboard; sourceTree = "<group>"; };
		8DBA699A2994DFF600609A40 /* Info.plist */ = {isa = PBXFileReference; lastKnownFileType = text.plist.xml; path = Info.plist; sourceTree = "<group>"; };
		8DEB85D62994F5C1000F2A47 /* AuthViewController.swift */ = {isa = PBXFileReference; lastKnownFileType = sourcecode.swift; path = AuthViewController.swift; sourceTree = "<group>"; };
		8DEB85D82994F5F0000F2A47 /* MainViewController.swift */ = {isa = PBXFileReference; lastKnownFileType = sourcecode.swift; path = MainViewController.swift; sourceTree = "<group>"; };
		8DEB85DA2994F72F000F2A47 /* SubSecondMainViewController.swift */ = {isa = PBXFileReference; lastKnownFileType = sourcecode.swift; path = SubSecondMainViewController.swift; sourceTree = "<group>"; };
		8DEB85DC2994F736000F2A47 /* SubFirstMainViewController.swift */ = {isa = PBXFileReference; lastKnownFileType = sourcecode.swift; path = SubFirstMainViewController.swift; sourceTree = "<group>"; };
		8DEB85DE2994F79B000F2A47 /* LoginViewController.swift */ = {isa = PBXFileReference; lastKnownFileType = sourcecode.swift; path = LoginViewController.swift; sourceTree = "<group>"; };
		8DEB85E02994F79C000F2A47 /* RegistrationViewController.swift */ = {isa = PBXFileReference; lastKnownFileType = sourcecode.swift; path = RegistrationViewController.swift; sourceTree = "<group>"; };
/* End PBXFileReference section */

/* Begin PBXFrameworksBuildPhase section */
		8DBA69862994DFF400609A40 /* Frameworks */ = {
			isa = PBXFrameworksBuildPhase;
			buildActionMask = 2147483647;
			files = (
			);
			runOnlyForDeploymentPostprocessing = 0;
		};
/* End PBXFrameworksBuildPhase section */

/* Begin PBXGroup section */
		8DBA69802994DFF400609A40 = {
			isa = PBXGroup;
			children = (
				8DBA698B2994DFF400609A40 /* NavigationiOSMentoringSession */,
				8DBA698A2994DFF400609A40 /* Products */,
			);
			sourceTree = "<group>";
		};
		8DBA698A2994DFF400609A40 /* Products */ = {
			isa = PBXGroup;
			children = (
				8DBA69892994DFF400609A40 /* NavigationiOSMentoringSession.app */,
			);
			name = Products;
			sourceTree = "<group>";
		};
		8DBA698B2994DFF400609A40 /* NavigationiOSMentoringSession */ = {
			isa = PBXGroup;
			children = (
				8DEB85D32994F59E000F2A47 /* Screens */,
				8DBA698C2994DFF400609A40 /* AppDelegate.swift */,
				8DBA698E2994DFF400609A40 /* SceneDelegate.swift */,
				8DBA69902994DFF400609A40 /* RootController.swift */,
				8DBA69922994DFF400609A40 /* Main.storyboard */,
				8DBA69952994DFF600609A40 /* Assets.xcassets */,
				8DBA69972994DFF600609A40 /* LaunchScreen.storyboard */,
				8DBA699A2994DFF600609A40 /* Info.plist */,
			);
			path = NavigationiOSMentoringSession;
			sourceTree = "<group>";
		};
		8DEB85D32994F59E000F2A47 /* Screens */ = {
			isa = PBXGroup;
			children = (
				8DEB85D42994F5AB000F2A47 /* Auth */,
				8DEB85D52994F5AF000F2A47 /* Main */,
			);
			path = Screens;
			sourceTree = "<group>";
		};
		8DEB85D42994F5AB000F2A47 /* Auth */ = {
			isa = PBXGroup;
			children = (
				8DEB85E02994F79C000F2A47 /* RegistrationViewController.swift */,
				8DEB85DE2994F79B000F2A47 /* LoginViewController.swift */,
				8DEB85D62994F5C1000F2A47 /* AuthViewController.swift */,
			);
			path = Auth;
			sourceTree = "<group>";
		};
		8DEB85D52994F5AF000F2A47 /* Main */ = {
			isa = PBXGroup;
			children = (
				8DEB85D82994F5F0000F2A47 /* MainViewController.swift */,
				8DEB85DC2994F736000F2A47 /* SubFirstMainViewController.swift */,
				8DEB85DA2994F72F000F2A47 /* SubSecondMainViewController.swift */,
			);
			path = Main;
			sourceTree = "<group>";
		};
/* End PBXGroup section */

/* Begin PBXNativeTarget section */
		8DBA69882994DFF400609A40 /* NavigationiOSMentoringSession */ = {
			isa = PBXNativeTarget;
			buildConfigurationList = 8DBA699D2994DFF600609A40 /* Build configuration list for PBXNativeTarget "NavigationiOSMentoringSession" */;
			buildPhases = (
				8DBA69852994DFF400609A40 /* Sources */,
				8DBA69862994DFF400609A40 /* Frameworks */,
				8DBA69872994DFF400609A40 /* Resources */,
			);
			buildRules = (
			);
			dependencies = (
			);
			name = NavigationiOSMentoringSession;
			productName = NavigationiOSMentoringSession;
			productReference = 8DBA69892994DFF400609A40 /* NavigationiOSMentoringSession.app */;
			productType = "com.apple.product-type.application";
		};
/* End PBXNativeTarget section */

/* Begin PBXProject section */
		8DBA69812994DFF400609A40 /* Project object */ = {
			isa = PBXProject;
			attributes = {
				BuildIndependentTargetsInParallel = 1;
				LastSwiftUpdateCheck = 1410;
				LastUpgradeCheck = 1410;
				ORGANIZATIONNAME = "Almost Engineer";
				TargetAttributes = {
					8DBA69882994DFF400609A40 = {
						CreatedOnToolsVersion = 14.1;
					};
				};
			};
			buildConfigurationList = 8DBA69842994DFF400609A40 /* Build configuration list for PBXProject "NavigationiOSMentoringSession" */;
			compatibilityVersion = "Xcode 14.0";
			developmentRegion = en;
			hasScannedForEncodings = 0;
			knownRegions = (
				en,
				Base,
			);
			mainGroup = 8DBA69802994DFF400609A40;
			productRefGroup = 8DBA698A2994DFF400609A40 /* Products */;
			projectDirPath = "";
			projectRoot = "";
			targets = (
				8DBA69882994DFF400609A40 /* NavigationiOSMentoringSession */,
			);
		};
/* End PBXProject section */

/* Begin PBXResourcesBuildPhase section */
		8DBA69872994DFF400609A40 /* Resources */ = {
			isa = PBXResourcesBuildPhase;
			buildActionMask = 2147483647;
			files = (
				8DBA69992994DFF600609A40 /* LaunchScreen.storyboard in Resources */,
				8DBA69962994DFF600609A40 /* Assets.xcassets in Resources */,
				8DBA69942994DFF400609A40 /* Main.storyboard in Resources */,
			);
			runOnlyForDeploymentPostprocessing = 0;
		};
/* End PBXResourcesBuildPhase section */

/* Begin PBXSourcesBuildPhase section */
		8DBA69852994DFF400609A40 /* Sources */ = {
			isa = PBXSourcesBuildPhase;
			buildActionMask = 2147483647;
			files = (
				8DEB85D72994F5C1000F2A47 /* AuthViewController.swift in Sources */,
				8DBA69912994DFF400609A40 /* RootController.swift in Sources */,
				8DEB85DB2994F72F000F2A47 /* SubSecondMainViewController.swift in Sources */,
				8DEB85E12994F79C000F2A47 /* RegistrationViewController.swift in Sources */,
				8DEB85DD2994F736000F2A47 /* SubFirstMainViewController.swift in Sources */,
				8DEB85DF2994F79B000F2A47 /* LoginViewController.swift in Sources */,
				8DBA698D2994DFF400609A40 /* AppDelegate.swift in Sources */,
				8DBA698F2994DFF400609A40 /* SceneDelegate.swift in Sources */,
				8DEB85D92994F5F0000F2A47 /* MainViewController.swift in Sources */,
			);
			runOnlyForDeploymentPostprocessing = 0;
		};
/* End PBXSourcesBuildPhase section */

/* Begin PBXVariantGroup section */
		8DBA69922994DFF400609A40 /* Main.storyboard */ = {
			isa = PBXVariantGroup;
			children = (
				8DBA69932994DFF400609A40 /* Base */,
			);
			name = Main.storyboard;
			sourceTree = "<group>";
		};
		8DBA69972994DFF600609A40 /* LaunchScreen.storyboard */ = {
			isa = PBXVariantGroup;
			children = (
				8DBA69982994DFF600609A40 /* Base */,
			);
			name = LaunchScreen.storyboard;
			sourceTree = "<group>";
		};
/* End PBXVariantGroup section */

/* Begin XCBuildConfiguration section */
		8DBA699B2994DFF600609A40 /* Debug */ = {
			isa = XCBuildConfiguration;
			buildSettings = {
				ALWAYS_SEARCH_USER_PATHS = NO;
				CLANG_ANALYZER_NONNULL = YES;
				CLANG_ANALYZER_NUMBER_OBJECT_CONVERSION = YES_AGGRESSIVE;
				CLANG_CXX_LANGUAGE_STANDARD = "gnu++20";
				CLANG_ENABLE_MODULES = YES;
				CLANG_ENABLE_OBJC_ARC = YES;
				CLANG_ENABLE_OBJC_WEAK = YES;
				CLANG_WARN_BLOCK_CAPTURE_AUTORELEASING = YES;
				CLANG_WARN_BOOL_CONVERSION = YES;
				CLANG_WARN_COMMA = YES;
				CLANG_WARN_CONSTANT_CONVERSION = YES;
				CLANG_WARN_DEPRECATED_OBJC_IMPLEMENTATIONS = YES;
				CLANG_WARN_DIRECT_OBJC_ISA_USAGE = YES_ERROR;
				CLANG_WARN_DOCUMENTATION_COMMENTS = YES;
				CLANG_WARN_EMPTY_BODY = YES;
				CLANG_WARN_ENUM_CONVERSION = YES;
				CLANG_WARN_INFINITE_RECURSION = YES;
				CLANG_WARN_INT_CONVERSION = YES;
				CLANG_WARN_NON_LITERAL_NULL_CONVERSION = YES;
				CLANG_WARN_OBJC_IMPLICIT_RETAIN_SELF = YES;
				CLANG_WARN_OBJC_LITERAL_CONVERSION = YES;
				CLANG_WARN_OBJC_ROOT_CLASS = YES_ERROR;
				CLANG_WARN_QUOTED_INCLUDE_IN_FRAMEWORK_HEADER = YES;
				CLANG_WARN_RANGE_LOOP_ANALYSIS = YES;
				CLANG_WARN_STRICT_PROTOTYPES = YES;
				CLANG_WARN_SUSPICIOUS_MOVE = YES;
				CLANG_WARN_UNGUARDED_AVAILABILITY = YES_AGGRESSIVE;
				CLANG_WARN_UNREACHABLE_CODE = YES;
				CLANG_WARN__DUPLICATE_METHOD_MATCH = YES;
				COPY_PHASE_STRIP = NO;
				DEBUG_INFORMATION_FORMAT = dwarf;
				ENABLE_STRICT_OBJC_MSGSEND = YES;
				ENABLE_TESTABILITY = YES;
				GCC_C_LANGUAGE_STANDARD = gnu11;
				GCC_DYNAMIC_NO_PIC = NO;
				GCC_NO_COMMON_BLOCKS = YES;
				GCC_OPTIMIZATION_LEVEL = 0;
				GCC_PREPROCESSOR_DEFINITIONS = (
					"DEBUG=1",
					"$(inherited)",
				);
				GCC_WARN_64_TO_32_BIT_CONVERSION = YES;
				GCC_WARN_ABOUT_RETURN_TYPE = YES_ERROR;
				GCC_WARN_UNDECLARED_SELECTOR = YES;
				GCC_WARN_UNINITIALIZED_AUTOS = YES_AGGRESSIVE;
				GCC_WARN_UNUSED_FUNCTION = YES;
				GCC_WARN_UNUSED_VARIABLE = YES;
				IPHONEOS_DEPLOYMENT_TARGET = 16.1;
				MTL_ENABLE_DEBUG_INFO = INCLUDE_SOURCE;
				MTL_FAST_MATH = YES;
				ONLY_ACTIVE_ARCH = YES;
				SDKROOT = iphoneos;
				SWIFT_ACTIVE_COMPILATION_CONDITIONS = DEBUG;
				SWIFT_OPTIMIZATION_LEVEL = "-Onone";
			};
			name = Debug;
		};
		8DBA699C2994DFF600609A40 /* Release */ = {
			isa = XCBuildConfiguration;
			buildSettings = {
				ALWAYS_SEARCH_USER_PATHS = NO;
				CLANG_ANALYZER_NONNULL = YES;
				CLANG_ANALYZER_NUMBER_OBJECT_CONVERSION = YES_AGGRESSIVE;
				CLANG_CXX_LANGUAGE_STANDARD = "gnu++20";
				CLANG_ENABLE_MODULES = YES;
				CLANG_ENABLE_OBJC_ARC = YES;
				CLANG_ENABLE_OBJC_WEAK = YES;
				CLANG_WARN_BLOCK_CAPTURE_AUTORELEASING = YES;
				CLANG_WARN_BOOL_CONVERSION = YES;
				CLANG_WARN_COMMA = YES;
				CLANG_WARN_CONSTANT_CONVERSION = YES;
				CLANG_WARN_DEPRECATED_OBJC_IMPLEMENTATIONS = YES;
				CLANG_WARN_DIRECT_OBJC_ISA_USAGE = YES_ERROR;
				CLANG_WARN_DOCUMENTATION_COMMENTS = YES;
				CLANG_WARN_EMPTY_BODY = YES;
				CLANG_WARN_ENUM_CONVERSION = YES;
				CLANG_WARN_INFINITE_RECURSION = YES;
				CLANG_WARN_INT_CONVERSION = YES;
				CLANG_WARN_NON_LITERAL_NULL_CONVERSION = YES;
				CLANG_WARN_OBJC_IMPLICIT_RETAIN_SELF = YES;
				CLANG_WARN_OBJC_LITERAL_CONVERSION = YES;
				CLANG_WARN_OBJC_ROOT_CLASS = YES_ERROR;
				CLANG_WARN_QUOTED_INCLUDE_IN_FRAMEWORK_HEADER = YES;
				CLANG_WARN_RANGE_LOOP_ANALYSIS = YES;
				CLANG_WARN_STRICT_PROTOTYPES = YES;
				CLANG_WARN_SUSPICIOUS_MOVE = YES;
				CLANG_WARN_UNGUARDED_AVAILABILITY = YES_AGGRESSIVE;
				CLANG_WARN_UNREACHABLE_CODE = YES;
				CLANG_WARN__DUPLICATE_METHOD_MATCH = YES;
				COPY_PHASE_STRIP = NO;
				DEBUG_INFORMATION_FORMAT = "dwarf-with-dsym";
				ENABLE_NS_ASSERTIONS = NO;
				ENABLE_STRICT_OBJC_MSGSEND = YES;
				GCC_C_LANGUAGE_STANDARD = gnu11;
				GCC_NO_COMMON_BLOCKS = YES;
				GCC_WARN_64_TO_32_BIT_CONVERSION = YES;
				GCC_WARN_ABOUT_RETURN_TYPE = YES_ERROR;
				GCC_WARN_UNDECLARED_SELECTOR = YES;
				GCC_WARN_UNINITIALIZED_AUTOS = YES_AGGRESSIVE;
				GCC_WARN_UNUSED_FUNCTION = YES;
				GCC_WARN_UNUSED_VARIABLE = YES;
				IPHONEOS_DEPLOYMENT_TARGET = 16.1;
				MTL_ENABLE_DEBUG_INFO = NO;
				MTL_FAST_MATH = YES;
				SDKROOT = iphoneos;
				SWIFT_COMPILATION_MODE = wholemodule;
				SWIFT_OPTIMIZATION_LEVEL = "-O";
				VALIDATE_PRODUCT = YES;
			};
			name = Release;
		};
		8DBA699E2994DFF600609A40 /* Debug */ = {
			isa = XCBuildConfiguration;
			buildSettings = {
				ASSETCATALOG_COMPILER_APPICON_NAME = AppIcon;
				ASSETCATALOG_COMPILER_GLOBAL_ACCENT_COLOR_NAME = AccentColor;
				CODE_SIGN_STYLE = Automatic;
				CURRENT_PROJECT_VERSION = 1;
				DEVELOPMENT_TEAM = WUJDW64U79;
				GENERATE_INFOPLIST_FILE = YES;
				INFOPLIST_FILE = NavigationiOSMentoringSession/Info.plist;
				INFOPLIST_KEY_UIApplicationSupportsIndirectInputEvents = YES;
				INFOPLIST_KEY_UILaunchStoryboardName = LaunchScreen;
				INFOPLIST_KEY_UIMainStoryboardFile = "";
				INFOPLIST_KEY_UISupportedInterfaceOrientations_iPad = "UIInterfaceOrientationPortrait UIInterfaceOrientationPortraitUpsideDown UIInterfaceOrientationLandscapeLeft UIInterfaceOrientationLandscapeRight";
				INFOPLIST_KEY_UISupportedInterfaceOrientations_iPhone = "UIInterfaceOrientationPortrait UIInterfaceOrientationLandscapeLeft UIInterfaceOrientationLandscapeRight";
				IPHONEOS_DEPLOYMENT_TARGET = 14.0;
				LD_RUNPATH_SEARCH_PATHS = (
					"$(inherited)",
					"@executable_path/Frameworks",
				);
				MARKETING_VERSION = 1.0;
				PRODUCT_BUNDLE_IDENTIFIER = "AE-team.NavigationiOSMentoringSession";
				PRODUCT_NAME = "$(TARGET_NAME)";
				SUPPORTED_PLATFORMS = "iphoneos iphonesimulator";
				SUPPORTS_MACCATALYST = NO;
				SUPPORTS_MAC_DESIGNED_FOR_IPHONE_IPAD = NO;
				SWIFT_EMIT_LOC_STRINGS = YES;
				SWIFT_VERSION = 5.0;
				TARGETED_DEVICE_FAMILY = "1,2";
			};
			name = Debug;
		};
		8DBA699F2994DFF600609A40 /* Release */ = {
			isa = XCBuildConfiguration;
			buildSettings = {
				ASSETCATALOG_COMPILER_APPICON_NAME = AppIcon;
				ASSETCATALOG_COMPILER_GLOBAL_ACCENT_COLOR_NAME = AccentColor;
				CODE_SIGN_STYLE = Automatic;
				CURRENT_PROJECT_VERSION = 1;
				DEVELOPMENT_TEAM = WUJDW64U79;
				GENERATE_INFOPLIST_FILE = YES;
				INFOPLIST_FILE = NavigationiOSMentoringSession/Info.plist;
				INFOPLIST_KEY_UIApplicationSupportsIndirectInputEvents = YES;
				INFOPLIST_KEY_UILaunchStoryboardName = LaunchScreen;
				INFOPLIST_KEY_UIMainStoryboardFile = "";
				INFOPLIST_KEY_UISupportedInterfaceOrientations_iPad = "UIInterfaceOrientationPortrait UIInterfaceOrientationPortraitUpsideDown UIInterfaceOrientationLandscapeLeft UIInterfaceOrientationLandscapeRight";
				INFOPLIST_KEY_UISupportedInterfaceOrientations_iPhone = "UIInterfaceOrientationPortrait UIInterfaceOrientationLandscapeLeft UIInterfaceOrientationLandscapeRight";
				IPHONEOS_DEPLOYMENT_TARGET = 14.0;
				LD_RUNPATH_SEARCH_PATHS = (
					"$(inherited)",
					"@executable_path/Frameworks",
				);
				MARKETING_VERSION = 1.0;
				PRODUCT_BUNDLE_IDENTIFIER = "AE-team.NavigationiOSMentoringSession";
				PRODUCT_NAME = "$(TARGET_NAME)";
				SUPPORTED_PLATFORMS = "iphoneos iphonesimulator";
				SUPPORTS_MACCATALYST = NO;
				SUPPORTS_MAC_DESIGNED_FOR_IPHONE_IPAD = NO;
				SWIFT_EMIT_LOC_STRINGS = YES;
				SWIFT_VERSION = 5.0;
				TARGETED_DEVICE_FAMILY = "1,2";
			};
			name = Release;
		};
/* End XCBuildConfiguration section */

/* Begin XCConfigurationList section */
		8DBA69842994DFF400609A40 /* Build configuration list for PBXProject "NavigationiOSMentoringSession" */ = {
			isa = XCConfigurationList;
			buildConfigurations = (
				8DBA699B2994DFF600609A40 /* Debug */,
				8DBA699C2994DFF600609A40 /* Release */,
			);
			defaultConfigurationIsVisible = 0;
			defaultConfigurationName = Release;
		};
		8DBA699D2994DFF600609A40 /* Build configuration list for PBXNativeTarget "NavigationiOSMentoringSession" */ = {
			isa = XCConfigurationList;
			buildConfigurations = (
				8DBA699E2994DFF600609A40 /* Debug */,
				8DBA699F2994DFF600609A40 /* Release */,
			);
			defaultConfigurationIsVisible = 0;
			defaultConfigurationName = Release;
		};
/* End XCConfigurationList section */
	};
	rootObject = 8DBA69812994DFF400609A40 /* Project object */;
}
